
Microsoft Visual Studio Solution File, Format Version 12.00
# Visual Studio Version 17
VisualStudioVersion = 17.14.37301.10
MinimumVisualStudioVersion = 10.0.40219.1
Project("{FAE04EC0-301F-11D3-BF4B-00C04F79EFBC}") = "WebApplication1", "WebApplication1\WebApplication1.csproj", "{94C80845-8496-479C-852E-0695DFC1D248}"
EndProject
Project("{FAE04EC0-301F-11D3-BF4B-00C04F79EFBC}") = "ConsoleApp1", "ConsoleApp1\ConsoleApp1.csproj", "{95358B91-DA92-4935-87E3-29E9CFC91759}"
EndProject
Global
	GlobalSection(SolutionConfigurationPlatforms) = preSolution
		Debug|Any CPU = Debug|Any CPU
		Release|Any CPU = Release|Any CPU
	EndGlobalSection
	GlobalSection(ProjectConfigurationPlatforms) = postSolution
		{94C80845-8496-479C-852E-0695DFC1D248}.Debug|Any CPU.ActiveCfg = Debug|Any CPU
		{94C80845-8496-479C-852E-0695DFC1D248}.Debug|Any CPU.Build.0 = Debug|Any CPU
		{94C80845-8496-479C-852E-0695DFC1D248}.Release|Any CPU.ActiveCfg = Release|Any CPU
		{94C80845-8496-479C-852E-0695DFC1D248}.Release|Any CPU.Build.0 = Release|Any CPU
		{95358B91-DA92-4935-87E3-29E9CFC91759}.Debug|Any CPU.ActiveCfg = Debug|Any CPU
		{95358B91-DA92-4935-87E3-29E9CFC91759}.Debug|Any CPU.Build.0 = Debug|Any CPU
		{95358B91-DA92-4935-87E3-29E9CFC91759}.Release|Any CPU.ActiveCfg = Release|Any CPU
		{95358B91-DA92-4935-87E3-29E9CFC91759}.Release|Any CPU.Build.0 = Release|Any CPU
	EndGlobalSection
	GlobalSection(SolutionProperties) = preSolution
		HideSolutionNode = FALSE
	EndGlobalSection
	GlobalSection(ExtensibilityGlobals) = postSolution
		SolutionGuid = {BC9A0CC6-ACEE-472F-9F8F-255FE949A4E8}
	EndGlobalSection
EndGlobal
